
Microsoft Visual Studio Solution File, Format Version 12.00
# Visual Studio Version 16
VisualStudioVersion = 16.0.30204.135
MinimumVisualStudioVersion = 10.0.40219.1
Project("{FAE04EC0-301F-11D3-BF4B-00C04F79EFBC}") = "RS2014-One-Click-CDLC", "Rocksmith2014-CDLC-Injector\RS2014-One-Click-CDLC.csproj", "{9E11FD67-DFFE-40F1-8E69-26D359F896EC}"
EndProject
Global
	GlobalSection(SolutionConfigurationPlatforms) = preSolution
		Debug|Any CPU = Debug|Any CPU
		Release|Any CPU = Release|Any CPU
	EndGlobalSection
	GlobalSection(ProjectConfigurationPlatforms) = postSolution
		{9E11FD67-DFFE-40F1-8E69-26D359F896EC}.Debug|Any CPU.ActiveCfg = Debug|Any CPU
		{9E11FD67-DFFE-40F1-8E69-26D359F896EC}.Debug|Any CPU.Build.0 = Debug|Any CPU
		{9E11FD67-DFFE-40F1-8E69-26D359F896EC}.Release|Any CPU.ActiveCfg = Release|Any CPU
		{9E11FD67-DFFE-40F1-8E69-26D359F896EC}.Release|Any CPU.Build.0 = Release|Any CPU
	EndGlobalSection
	GlobalSection(SolutionProperties) = preSolution
		HideSolutionNode = FALSE
	EndGlobalSection
	GlobalSection(ExtensibilityGlobals) = postSolution
		SolutionGuid = {2887B566-A75E-4A37-83FF-68840E54C3BD}
	EndGlobalSection
EndGlobal
