
Microsoft Visual Studio Solution File, Format Version 12.00
# Visual Studio Version 16
VisualStudioVersion = 16.0.30128.74
MinimumVisualStudioVersion = 10.0.40219.1
Project("{8BC9CEB8-8B4A-11D0-8D11-00A0C91BC942}") = "RSMods", "RSMods\RSMods.vcxproj", "{E312CF39-2170-4C1A-AC11-3A9C1C2E7399}"
EndProject
Global
	GlobalSection(SolutionConfigurationPlatforms) = preSolution
		Debug|Win32 = Debug|Win32
		Release|Win32 = Release|Win32
	EndGlobalSection
	GlobalSection(ProjectConfigurationPlatforms) = postSolution
		{E312CF39-2170-4C1A-AC11-3A9C1C2E7399}.Debug|Win32.ActiveCfg = Debug|Win32
		{E312CF39-2170-4C1A-AC11-3A9C1C2E7399}.Debug|Win32.Build.0 = Debug|Win32
		{E312CF39-2170-4C1A-AC11-3A9C1C2E7399}.Release|Win32.ActiveCfg = Release|Win32
		{E312CF39-2170-4C1A-AC11-3A9C1C2E7399}.Release|Win32.Build.0 = Release|Win32
	EndGlobalSection
	GlobalSection(SolutionProperties) = preSolution
		HideSolutionNode = FALSE
	EndGlobalSection
	GlobalSection(ExtensibilityGlobals) = postSolution
		SolutionGuid = {AD615902-E2CD-49EC-9B0E-75A379092CD6}
	EndGlobalSection
EndGlobal
