<?xml version="1.0" encoding="utf-8"?>
<Project ToolsVersion="4.0" xmlns="http://schemas.microsoft.com/developer/msbuild/2003">
  <ItemGroup>
    <Filter Include="Source Files">
      <UniqueIdentifier>{4FC737F1-C7A5-4376-A066-2A32D752A2FF}</UniqueIdentifier>
      <Extensions>cpp;c;cc;cxx;def;odl;idl;hpj;bat;asm;asmx</Extensions>
    </Filter>
    <Filter Include="Header Files">
      <UniqueIdentifier>{93995380-89BD-4b04-88EB-625FBE52EBFB}</UniqueIdentifier>
      <Extensions>h;hh;hpp;hxx;hm;inl;inc;xsd</Extensions>
    </Filter>
    <Filter Include="Resource Files">
      <UniqueIdentifier>{67DA6AB6-F800-4c08-8B7A-83BB121AAD01}</UniqueIdentifier>
      <Extensions>rc;ico;cur;bmp;dlg;rc2;rct;bin;rgs;gif;jpg;jpeg;jpe;resx;tiff;tif;png;wav;mfcribbon-ms</Extensions>
    </Filter>
    <Filter Include="Header Files\DirectX">
      <UniqueIdentifier>{9587255a-88e0-485b-9910-d3fb12662ba1}</UniqueIdentifier>
    </Filter>
    <Filter Include="Mods">
      <UniqueIdentifier>{c3164239-7db1-4636-8512-4903a737ec2e}</UniqueIdentifier>
    </Filter>
    <Filter Include="Header Files\ImGUI">
      <UniqueIdentifier>{928903e3-aea4-4d1d-a828-c49f6c847b28}</UniqueIdentifier>
    </Filter>
    <Filter Include="Header Files\Detours">
      <UniqueIdentifier>{68a815bd-e966-4cb1-ba5e-b4ac4ceb1052}</UniqueIdentifier>
    </Filter>
    <Filter Include="Header Files\Ini">
      <UniqueIdentifier>{c07d28f0-a6a8-4144-866a-ceb7d2402a0f}</UniqueIdentifier>
    </Filter>
  </ItemGroup>
  <ItemGroup>
    <ClCompile Include="dllmain.cpp">
      <Filter>Source Files</Filter>
    </ClCompile>
    <ClCompile Include="d3dx9_42.cpp">
      <Filter>Source Files</Filter>
    </ClCompile>
    <ClCompile Include="Settings.cpp">
      <Filter>Source Files</Filter>
    </ClCompile>
    <ClCompile Include="Offsets.cpp">
      <Filter>Source Files</Filter>
    </ClCompile>
    <ClCompile Include="Scrapped.hpp">
      <Filter>Header Files</Filter>
    </ClCompile>
    <ClCompile Include="MemHelpers.cpp">
      <Filter>Source Files</Filter>
    </ClCompile>
    <ClCompile Include="Mods\Enumeration.cpp">
      <Filter>Mods</Filter>
    </ClCompile>
    <ClCompile Include="Mods\ExtendedRangeMode.cpp">
      <Filter>Mods</Filter>
    </ClCompile>
    <ClCompile Include="Mods\GuitarSkeletons.cpp">
      <Filter>Mods</Filter>
    </ClCompile>
    <ClCompile Include="Mods\GuitarSpeak.cpp">
      <Filter>Mods</Filter>
    </ClCompile>
    <ClCompile Include="Mods\CustomSongTitles.cpp">
      <Filter>Mods</Filter>
    </ClCompile>
    <ClCompile Include="Mods\CollectColors.cpp">
      <Filter>Mods</Filter>
    </ClCompile>
    <ClCompile Include="MemUtil.cpp">
      <Filter>Source Files</Filter>
    </ClCompile>
    <ClCompile Include="Mods\MixerVolume.cpp">
      <Filter>Mods</Filter>
    </ClCompile>
    <ClCompile Include="Lib\ImGUI\imgui.cpp">
      <Filter>Header Files\ImGUI</Filter>
    </ClCompile>
    <ClCompile Include="Lib\ImGUI\imgui_draw.cpp">
      <Filter>Header Files\ImGUI</Filter>
    </ClCompile>
    <ClCompile Include="Lib\ImGUI\imgui_impl_dx9.cpp">
      <Filter>Header Files\ImGUI</Filter>
    </ClCompile>
    <ClCompile Include="Lib\ImGUI\imgui_impl_win32.cpp">
      <Filter>Header Files\ImGUI</Filter>
    </ClCompile>
    <ClCompile Include="Lib\ImGUI\imgui_widgets.cpp">
      <Filter>Header Files\ImGUI</Filter>
    </ClCompile>
    <ClCompile Include="Lib\ImGUI\RobotoFont.cpp">
      <Filter>Header Files\ImGUI</Filter>
    </ClCompile>
  </ItemGroup>
  <ItemGroup>
    <ClInclude Include="MemUtil.hpp">
      <Filter>Header Files</Filter>
    </ClInclude>
    <ClInclude Include="Mods\GuitarSpeak.hpp">
      <Filter>Mods</Filter>
    </ClInclude>
    <ClInclude Include="D3D.hpp">
      <Filter>Header Files</Filter>
    </ClInclude>
    <ClInclude Include="Functions.hpp">
      <Filter>Header Files</Filter>
    </ClInclude>
    <ClInclude Include="Main.hpp">
      <Filter>Header Files</Filter>
    </ClInclude>
    <ClInclude Include="MemHelpers.hpp">
      <Filter>Header Files</Filter>
    </ClInclude>
    <ClInclude Include="Offsets.hpp">
      <Filter>Header Files</Filter>
    </ClInclude>
    <ClInclude Include="Settings.hpp">
      <Filter>Header Files</Filter>
    </ClInclude>
    <ClInclude Include="Structs.hpp">
      <Filter>Header Files</Filter>
    </ClInclude>
    <ClInclude Include="Mods\CollectColors.hpp">
      <Filter>Mods</Filter>
    </ClInclude>
    <ClInclude Include="Mods\Enumeration.hpp">
      <Filter>Mods</Filter>
    </ClInclude>
    <ClInclude Include="Mods\GuitarSkeletons.hpp">
      <Filter>Mods</Filter>
    </ClInclude>
    <ClInclude Include="Mods\ExtendedRangeMode.hpp">
      <Filter>Mods</Filter>
    </ClInclude>
    <ClInclude Include="Mods\CustomSongTitles.hpp">
      <Filter>Mods</Filter>
    </ClInclude>
    <ClInclude Include="Mods\MixerVolume.hpp">
      <Filter>Mods</Filter>
    </ClInclude>
    <ClInclude Include="Lib\DirectX\d3d9.h">
      <Filter>Header Files\DirectX</Filter>
    </ClInclude>
    <ClInclude Include="Lib\DirectX\d3d9types.h">
      <Filter>Header Files\DirectX</Filter>
    </ClInclude>
    <ClInclude Include="Lib\DirectX\d3dx9.h">
      <Filter>Header Files\DirectX</Filter>
    </ClInclude>
    <ClInclude Include="D3DX9_42.hpp">
      <Filter>Header Files\DirectX</Filter>
    </ClInclude>
    <ClInclude Include="Lib\DirectX\d3dx9anim.h">
      <Filter>Header Files\DirectX</Filter>
    </ClInclude>
    <ClInclude Include="Lib\DirectX\d3dx9core.h">
      <Filter>Header Files\DirectX</Filter>
    </ClInclude>
    <ClInclude Include="Lib\DirectX\d3dx9effect.h">
      <Filter>Header Files\DirectX</Filter>
    </ClInclude>
    <ClInclude Include="Lib\DirectX\d3dx9math.h">
      <Filter>Header Files\DirectX</Filter>
    </ClInclude>
    <ClInclude Include="Lib\DirectX\d3dx9mesh.h">
      <Filter>Header Files\DirectX</Filter>
    </ClInclude>
    <ClInclude Include="Lib\DirectX\d3dx9shader.h">
      <Filter>Header Files\DirectX</Filter>
    </ClInclude>
    <ClInclude Include="Lib\DirectX\d3dx9shape.h">
      <Filter>Header Files\DirectX</Filter>
    </ClInclude>
    <ClInclude Include="Lib\DirectX\d3dx9tex.h">
      <Filter>Header Files\DirectX</Filter>
    </ClInclude>
    <ClInclude Include="Lib\DirectX\d3dx9xof.h">
      <Filter>Header Files\DirectX</Filter>
    </ClInclude>
    <ClInclude Include="Lib\ImGUI\imgui.h">
      <Filter>Header Files\ImGUI</Filter>
    </ClInclude>
    <ClInclude Include="Lib\ImGUI\imgui_impl_dx9.h">
      <Filter>Header Files\ImGUI</Filter>
    </ClInclude>
    <ClInclude Include="Lib\ImGUI\imgui_impl_win32.h">
      <Filter>Header Files\ImGUI</Filter>
    </ClInclude>
    <ClInclude Include="Lib\ImGUI\imgui_internal.h">
      <Filter>Header Files\ImGUI</Filter>
    </ClInclude>
    <ClInclude Include="Lib\ImGUI\imstb_rectpack.h">
      <Filter>Header Files\ImGUI</Filter>
    </ClInclude>
    <ClInclude Include="Lib\ImGUI\imstb_textedit.h">
      <Filter>Header Files\ImGUI</Filter>
    </ClInclude>
    <ClInclude Include="Lib\ImGUI\imstb_truetype.h">
      <Filter>Header Files\ImGUI</Filter>
    </ClInclude>
    <ClInclude Include="Lib\ImGUI\imconfig.h">
      <Filter>Header Files\ImGUI</Filter>
    </ClInclude>
    <ClInclude Include="SimpleIni.h">
      <Filter>Header Files\Ini</Filter>
    </ClInclude>
    <ClInclude Include="Lib\Detours\detours.h">
      <Filter>Header Files\Detours</Filter>
    </ClInclude>
  </ItemGroup>
  <ItemGroup>
    <None Include="d3dx9_42.def">
      <Filter>Resource Files</Filter>
    </None>
    <None Include="Lib\DirectX\d3dx9math.inl">
      <Filter>Header Files\DirectX</Filter>
    </None>
    <None Include="Lib\Detours\detours.pdb">
      <Filter>Header Files\Detours</Filter>
    </None>
  </ItemGroup>
  <ItemGroup>
    <Library Include="Lib\DirectX\d3d9.lib" />
    <Library Include="Lib\DirectX\d3dx9.lib" />
    <Library Include="Lib\Detours\detours.lib">
      <Filter>Header Files\Detours</Filter>
    </Library>
  </ItemGroup>
</Project>